
Microsoft Visual Studio Solution File, Format Version 12.00
# Visual Studio Version 17
VisualStudioVersion = 17.0.31903.59
MinimumVisualStudioVersion = 10.0.40219.1
Project("{FAE04EC0-301F-11D3-BF4B-00C04F79EFBC}") = "Mittons.MumbleClient", "Mittons.MumbleClient\Mittons.MumbleClient.csproj", "{DB6AD3EF-3312-4049-91B9-3BC2BB3FB873}"
EndProject
Project("{FAE04EC0-301F-11D3-BF4B-00C04F79EFBC}") = "Mittons.MumbleClient.Tests.Unit", "Mittons.MumbleClient.Tests.Unit\Mittons.MumbleClient.Tests.Unit.csproj", "{A586E54D-C922-4EB3-BAEC-EBC5BA3DADD4}"
EndProject
Global
	GlobalSection(SolutionConfigurationPlatforms) = preSolution
		Debug|Any CPU = Debug|Any CPU
		Release|Any CPU = Release|Any CPU
	EndGlobalSection
	GlobalSection(SolutionProperties) = preSolution
		HideSolutionNode = FALSE
	EndGlobalSection
	GlobalSection(ProjectConfigurationPlatforms) = postSolution
		{DB6AD3EF-3312-4049-91B9-3BC2BB3FB873}.Debug|Any CPU.ActiveCfg = Debug|Any CPU
		{DB6AD3EF-3312-4049-91B9-3BC2BB3FB873}.Debug|Any CPU.Build.0 = Debug|Any CPU
		{DB6AD3EF-3312-4049-91B9-3BC2BB3FB873}.Release|Any CPU.ActiveCfg = Release|Any CPU
		{DB6AD3EF-3312-4049-91B9-3BC2BB3FB873}.Release|Any CPU.Build.0 = Release|Any CPU
		{A586E54D-C922-4EB3-BAEC-EBC5BA3DADD4}.Debug|Any CPU.ActiveCfg = Debug|Any CPU
		{A586E54D-C922-4EB3-BAEC-EBC5BA3DADD4}.Debug|Any CPU.Build.0 = Debug|Any CPU
		{A586E54D-C922-4EB3-BAEC-EBC5BA3DADD4}.Release|Any CPU.ActiveCfg = Release|Any CPU
		{A586E54D-C922-4EB3-BAEC-EBC5BA3DADD4}.Release|Any CPU.Build.0 = Release|Any CPU
	EndGlobalSection
EndGlobal
